// !$*UTF8*$!
{
	archiveVersion = 1;
	classes = {
	};
	objectVersion = 55;
	objects = {

/* Begin PBXBuildFile section */
		6D079F7028D3954300D56078 /* AppDelegate.swift in Sources */ = {isa = PBXBuildFile; fileRef = 6D079F6F28D3954300D56078 /* AppDelegate.swift */; };
		6D079F7228D3954300D56078 /* SceneDelegate.swift in Sources */ = {isa = PBXBuildFile; fileRef = 6D079F7128D3954300D56078 /* SceneDelegate.swift */; };
		6D079F7428D3954300D56078 /* ViewController.swift in Sources */ = {isa = PBXBuildFile; fileRef = 6D079F7328D3954300D56078 /* ViewController.swift */; };
		6D079F7728D3954300D56078 /* Main.storyboard in Resources */ = {isa = PBXBuildFile; fileRef = 6D079F7528D3954300D56078 /* Main.storyboard */; };
		6D079F7A28D3954300D56078 /* Exitek.xcdatamodeld in Sources */ = {isa = PBXBuildFile; fileRef = 6D079F7828D3954300D56078 /* Exitek.xcdatamodeld */; };
		6D079F7C28D3954700D56078 /* Assets.xcassets in Resources */ = {isa = PBXBuildFile; fileRef = 6D079F7B28D3954700D56078 /* Assets.xcassets */; };
		6D079F7F28D3954700D56078 /* LaunchScreen.storyboard in Resources */ = {isa = PBXBuildFile; fileRef = 6D079F7D28D3954700D56078 /* LaunchScreen.storyboard */; };
		6D079F8A28D3954800D56078 /* ExitekTests.swift in Sources */ = {isa = PBXBuildFile; fileRef = 6D079F8928D3954800D56078 /* ExitekTests.swift */; };
		6D079F9428D3954800D56078 /* ExitekUITests.swift in Sources */ = {isa = PBXBuildFile; fileRef = 6D079F9328D3954800D56078 /* ExitekUITests.swift */; };
		6D079F9628D3954800D56078 /* ExitekUITestsLaunchTests.swift in Sources */ = {isa = PBXBuildFile; fileRef = 6D079F9528D3954800D56078 /* ExitekUITestsLaunchTests.swift */; };
/* End PBXBuildFile section */

/* Begin PBXContainerItemProxy section */
		6D079F8628D3954800D56078 /* PBXContainerItemProxy */ = {
			isa = PBXContainerItemProxy;
			containerPortal = 6D079F6428D3954200D56078 /* Project object */;
			proxyType = 1;
			remoteGlobalIDString = 6D079F6B28D3954300D56078;
			remoteInfo = Exitek;
		};
		6D079F9028D3954800D56078 /* PBXContainerItemProxy */ = {
			isa = PBXContainerItemProxy;
			containerPortal = 6D079F6428D3954200D56078 /* Project object */;
			proxyType = 1;
			remoteGlobalIDString = 6D079F6B28D3954300D56078;
			remoteInfo = Exitek;
		};
/* End PBXContainerItemProxy section */

/* Begin PBXFileReference section */
		6D079F6C28D3954300D56078 /* Exitek.app */ = {isa = PBXFileReference; explicitFileType = wrapper.application; includeInIndex = 0; path = Exitek.app; sourceTree = BUILT_PRODUCTS_DIR; };
		6D079F6F28D3954300D56078 /* AppDelegate.swift */ = {isa = PBXFileReference; lastKnownFileType = sourcecode.swift; path = AppDelegate.swift; sourceTree = "<group>"; };
		6D079F7128D3954300D56078 /* SceneDelegate.swift */ = {isa = PBXFileReference; lastKnownFileType = sourcecode.swift; path = SceneDelegate.swift; sourceTree = "<group>"; };
		6D079F7328D3954300D56078 /* ViewController.swift */ = {isa = PBXFileReference; lastKnownFileType = sourcecode.swift; path = ViewController.swift; sourceTree = "<group>"; };
		6D079F7628D3954300D56078 /* Base */ = {isa = PBXFileReference; lastKnownFileType = file.storyboard; name = Base; path = Base.lproj/Main.storyboard; sourceTree = "<group>"; };
		6D079F7928D3954300D56078 /* Exitek.xcdatamodel */ = {isa = PBXFileReference; lastKnownFileType = wrapper.xcdatamodel; path = Exitek.xcdatamodel; sourceTree = "<group>"; };
		6D079F7B28D3954700D56078 /* Assets.xcassets */ = {isa = PBXFileReference; lastKnownFileType = folder.assetcatalog; path = Assets.xcassets; sourceTree = "<group>"; };
		6D079F7E28D3954700D56078 /* Base */ = {isa = PBXFileReference; lastKnownFileType = file.storyboard; name = Base; path = Base.lproj/LaunchScreen.storyboard; sourceTree = "<group>"; };
		6D079F8028D3954700D56078 /* Info.plist */ = {isa = PBXFileReference; lastKnownFileType = text.plist.xml; path = Info.plist; sourceTree = "<group>"; };
		6D079F8528D3954800D56078 /* ExitekTests.xctest */ = {isa = PBXFileReference; explicitFileType = wrapper.cfbundle; includeInIndex = 0; path = ExitekTests.xctest; sourceTree = BUILT_PRODUCTS_DIR; };
		6D079F8928D3954800D56078 /* ExitekTests.swift */ = {isa = PBXFileReference; lastKnownFileType = sourcecode.swift; path = ExitekTests.swift; sourceTree = "<group>"; };
		6D079F8F28D3954800D56078 /* ExitekUITests.xctest */ = {isa = PBXFileReference; explicitFileType = wrapper.cfbundle; includeInIndex = 0; path = ExitekUITests.xctest; sourceTree = BUILT_PRODUCTS_DIR; };
		6D079F9328D3954800D56078 /* ExitekUITests.swift */ = {isa = PBXFileReference; lastKnownFileType = sourcecode.swift; path = ExitekUITests.swift; sourceTree = "<group>"; };
		6D079F9528D3954800D56078 /* ExitekUITestsLaunchTests.swift */ = {isa = PBXFileReference; lastKnownFileType = sourcecode.swift; path = ExitekUITestsLaunchTests.swift; sourceTree = "<group>"; };
/* End PBXFileReference section */

/* Begin PBXFrameworksBuildPhase section */
		6D079F6928D3954300D56078 /* Frameworks */ = {
			isa = PBXFrameworksBuildPhase;
			buildActionMask = 2147483647;
			files = (
			);
			runOnlyForDeploymentPostprocessing = 0;
		};
		6D079F8228D3954800D56078 /* Frameworks */ = {
			isa = PBXFrameworksBuildPhase;
			buildActionMask = 2147483647;
			files = (
			);
			runOnlyForDeploymentPostprocessing = 0;
		};
		6D079F8C28D3954800D56078 /* Frameworks */ = {
			isa = PBXFrameworksBuildPhase;
			buildActionMask = 2147483647;
			files = (
			);
			runOnlyForDeploymentPostprocessing = 0;
		};
/* End PBXFrameworksBuildPhase section */

/* Begin PBXGroup section */
		6D079F6328D3954200D56078 = {
			isa = PBXGroup;
			children = (
				6D079F6E28D3954300D56078 /* Exitek */,
				6D079F8828D3954800D56078 /* ExitekTests */,
				6D079F9228D3954800D56078 /* ExitekUITests */,
				6D079F6D28D3954300D56078 /* Products */,
			);
			sourceTree = "<group>";
		};
		6D079F6D28D3954300D56078 /* Products */ = {
			isa = PBXGroup;
			children = (
				6D079F6C28D3954300D56078 /* Exitek.app */,
				6D079F8528D3954800D56078 /* ExitekTests.xctest */,
				6D079F8F28D3954800D56078 /* ExitekUITests.xctest */,
			);
			name = Products;
			sourceTree = "<group>";
		};
		6D079F6E28D3954300D56078 /* Exitek */ = {
			isa = PBXGroup;
			children = (
				6D079F6F28D3954300D56078 /* AppDelegate.swift */,
				6D079F7128D3954300D56078 /* SceneDelegate.swift */,
				6D079F7328D3954300D56078 /* ViewController.swift */,
				6D079F7528D3954300D56078 /* Main.storyboard */,
				6D079F7B28D3954700D56078 /* Assets.xcassets */,
				6D079F7D28D3954700D56078 /* LaunchScreen.storyboard */,
				6D079F8028D3954700D56078 /* Info.plist */,
				6D079F7828D3954300D56078 /* Exitek.xcdatamodeld */,
			);
			path = Exitek;
			sourceTree = "<group>";
		};
		6D079F8828D3954800D56078 /* ExitekTests */ = {
			isa = PBXGroup;
			children = (
				6D079F8928D3954800D56078 /* ExitekTests.swift */,
			);
			path = ExitekTests;
			sourceTree = "<group>";
		};
		6D079F9228D3954800D56078 /* ExitekUITests */ = {
			isa = PBXGroup;
			children = (
				6D079F9328D3954800D56078 /* ExitekUITests.swift */,
				6D079F9528D3954800D56078 /* ExitekUITestsLaunchTests.swift */,
			);
			path = ExitekUITests;
			sourceTree = "<group>";
		};
/* End PBXGroup section */

/* Begin PBXNativeTarget section */
		6D079F6B28D3954300D56078 /* Exitek */ = {
			isa = PBXNativeTarget;
			buildConfigurationList = 6D079F9928D3954800D56078 /* Build configuration list for PBXNativeTarget "Exitek" */;
			buildPhases = (
				6D079F6828D3954300D56078 /* Sources */,
				6D079F6928D3954300D56078 /* Frameworks */,
				6D079F6A28D3954300D56078 /* Resources */,
			);
			buildRules = (
			);
			dependencies = (
			);
			name = Exitek;
			productName = Exitek;
			productReference = 6D079F6C28D3954300D56078 /* Exitek.app */;
			productType = "com.apple.product-type.application";
		};
		6D079F8428D3954800D56078 /* ExitekTests */ = {
			isa = PBXNativeTarget;
			buildConfigurationList = 6D079F9C28D3954800D56078 /* Build configuration list for PBXNativeTarget "ExitekTests" */;
			buildPhases = (
				6D079F8128D3954800D56078 /* Sources */,
				6D079F8228D3954800D56078 /* Frameworks */,
				6D079F8328D3954800D56078 /* Resources */,
			);
			buildRules = (
			);
			dependencies = (
				6D079F8728D3954800D56078 /* PBXTargetDependency */,
			);
			name = ExitekTests;
			productName = ExitekTests;
			productReference = 6D079F8528D3954800D56078 /* ExitekTests.xctest */;
			productType = "com.apple.product-type.bundle.unit-test";
		};
		6D079F8E28D3954800D56078 /* ExitekUITests */ = {
			isa = PBXNativeTarget;
			buildConfigurationList = 6D079F9F28D3954800D56078 /* Build configuration list for PBXNativeTarget "ExitekUITests" */;
			buildPhases = (
				6D079F8B28D3954800D56078 /* Sources */,
				6D079F8C28D3954800D56078 /* Frameworks */,
				6D079F8D28D3954800D56078 /* Resources */,
			);
			buildRules = (
			);
			dependencies = (
				6D079F9128D3954800D56078 /* PBXTargetDependency */,
			);
			name = ExitekUITests;
			productName = ExitekUITests;
			productReference = 6D079F8F28D3954800D56078 /* ExitekUITests.xctest */;
			productType = "com.apple.product-type.bundle.ui-testing";
		};
/* End PBXNativeTarget section */

/* Begin PBXProject section */
		6D079F6428D3954200D56078 /* Project object */ = {
			isa = PBXProject;
			attributes = {
				BuildIndependentTargetsInParallel = 1;
				LastSwiftUpdateCheck = 1330;
				LastUpgradeCheck = 1330;
				TargetAttributes = {
					6D079F6B28D3954300D56078 = {
						CreatedOnToolsVersion = 13.3;
					};
					6D079F8428D3954800D56078 = {
						CreatedOnToolsVersion = 13.3;
						TestTargetID = 6D079F6B28D3954300D56078;
					};
					6D079F8E28D3954800D56078 = {
						CreatedOnToolsVersion = 13.3;
						TestTargetID = 6D079F6B28D3954300D56078;
					};
				};
			};
			buildConfigurationList = 6D079F6728D3954200D56078 /* Build configuration list for PBXProject "Exitek" */;
			compatibilityVersion = "Xcode 13.0";
			developmentRegion = en;
			hasScannedForEncodings = 0;
			knownRegions = (
				en,
				Base,
			);
			mainGroup = 6D079F6328D3954200D56078;
			productRefGroup = 6D079F6D28D3954300D56078 /* Products */;
			projectDirPath = "";
			projectRoot = "";
			targets = (
				6D079F6B28D3954300D56078 /* Exitek */,
				6D079F8428D3954800D56078 /* ExitekTests */,
				6D079F8E28D3954800D56078 /* ExitekUITests */,
			);
		};
/* End PBXProject section */

/* Begin PBXResourcesBuildPhase section */
		6D079F6A28D3954300D56078 /* Resources */ = {
			isa = PBXResourcesBuildPhase;
			buildActionMask = 2147483647;
			files = (
				6D079F7F28D3954700D56078 /* LaunchScreen.storyboard in Resources */,
				6D079F7C28D3954700D56078 /* Assets.xcassets in Resources */,
				6D079F7728D3954300D56078 /* Main.storyboard in Resources */,
			);
			runOnlyForDeploymentPostprocessing = 0;
		};
		6D079F8328D3954800D56078 /* Resources */ = {
			isa = PBXResourcesBuildPhase;
			buildActionMask = 2147483647;
			files = (
			);
			runOnlyForDeploymentPostprocessing = 0;
		};
		6D079F8D28D3954800D56078 /* Resources */ = {
			isa = PBXResourcesBuildPhase;
			buildActionMask = 2147483647;
			files = (
			);
			runOnlyForDeploymentPostprocessing = 0;
		};
/* End PBXResourcesBuildPhase section */

/* Begin PBXSourcesBuildPhase section */
		6D079F6828D3954300D56078 /* Sources */ = {
			isa = PBXSourcesBuildPhase;
			buildActionMask = 2147483647;
			files = (
				6D079F7428D3954300D56078 /* ViewController.swift in Sources */,
				6D079F7A28D3954300D56078 /* Exitek.xcdatamodeld in Sources */,
				6D079F7028D3954300D56078 /* AppDelegate.swift in Sources */,
				6D079F7228D3954300D56078 /* SceneDelegate.swift in Sources */,
			);
			runOnlyForDeploymentPostprocessing = 0;
		};
		6D079F8128D3954800D56078 /* Sources */ = {
			isa = PBXSourcesBuildPhase;
			buildActionMask = 2147483647;
			files = (
				6D079F8A28D3954800D56078 /* ExitekTests.swift in Sources */,
			);
			runOnlyForDeploymentPostprocessing = 0;
		};
		6D079F8B28D3954800D56078 /* Sources */ = {
			isa = PBXSourcesBuildPhase;
			buildActionMask = 2147483647;
			files = (
				6D079F9628D3954800D56078 /* ExitekUITestsLaunchTests.swift in Sources */,
				6D079F9428D3954800D56078 /* ExitekUITests.swift in Sources */,
			);
			runOnlyForDeploymentPostprocessing = 0;
		};
/* End PBXSourcesBuildPhase section */

/* Begin PBXTargetDependency section */
		6D079F8728D3954800D56078 /* PBXTargetDependency */ = {
			isa = PBXTargetDependency;
			target = 6D079F6B28D3954300D56078 /* Exitek */;
			targetProxy = 6D079F8628D3954800D56078 /* PBXContainerItemProxy */;
		};
		6D079F9128D3954800D56078 /* PBXTargetDependency */ = {
			isa = PBXTargetDependency;
			target = 6D079F6B28D3954300D56078 /* Exitek */;
			targetProxy = 6D079F9028D3954800D56078 /* PBXContainerItemProxy */;
		};
/* End PBXTargetDependency section */

/* Begin PBXVariantGroup section */
		6D079F7528D3954300D56078 /* Main.storyboard */ = {
			isa = PBXVariantGroup;
			children = (
				6D079F7628D3954300D56078 /* Base */,
			);
			name = Main.storyboard;
			sourceTree = "<group>";
		};
		6D079F7D28D3954700D56078 /* LaunchScreen.storyboard */ = {
			isa = PBXVariantGroup;
			children = (
				6D079F7E28D3954700D56078 /* Base */,
			);
			name = LaunchScreen.storyboard;
			sourceTree = "<group>";
		};
/* End PBXVariantGroup section */

/* Begin XCBuildConfiguration section */
		6D079F9728D3954800D56078 /* Debug */ = {
			isa = XCBuildConfiguration;
			buildSettings = {
				ALWAYS_SEARCH_USER_PATHS = NO;
				CLANG_ANALYZER_NONNULL = YES;
				CLANG_ANALYZER_NUMBER_OBJECT_CONVERSION = YES_AGGRESSIVE;
				CLANG_CXX_LANGUAGE_STANDARD = "gnu++17";
				CLANG_ENABLE_MODULES = YES;
				CLANG_ENABLE_OBJC_ARC = YES;
				CLANG_ENABLE_OBJC_WEAK = YES;
				CLANG_WARN_BLOCK_CAPTURE_AUTORELEASING = YES;
				CLANG_WARN_BOOL_CONVERSION = YES;
				CLANG_WARN_COMMA = YES;
				CLANG_WARN_CONSTANT_CONVERSION = YES;
				CLANG_WARN_DEPRECATED_OBJC_IMPLEMENTATIONS = YES;
				CLANG_WARN_DIRECT_OBJC_ISA_USAGE = YES_ERROR;
				CLANG_WARN_DOCUMENTATION_COMMENTS = YES;
				CLANG_WARN_EMPTY_BODY = YES;
				CLANG_WARN_ENUM_CONVERSION = YES;
				CLANG_WARN_INFINITE_RECURSION = YES;
				CLANG_WARN_INT_CONVERSION = YES;
				CLANG_WARN_NON_LITERAL_NULL_CONVERSION = YES;
				CLANG_WARN_OBJC_IMPLICIT_RETAIN_SELF = YES;
				CLANG_WARN_OBJC_LITERAL_CONVERSION = YES;
				CLANG_WARN_OBJC_ROOT_CLASS = YES_ERROR;
				CLANG_WARN_QUOTED_INCLUDE_IN_FRAMEWORK_HEADER = YES;
				CLANG_WARN_RANGE_LOOP_ANALYSIS = YES;
				CLANG_WARN_STRICT_PROTOTYPES = YES;
				CLANG_WARN_SUSPICIOUS_MOVE = YES;
				CLANG_WARN_UNGUARDED_AVAILABILITY = YES_AGGRESSIVE;
				CLANG_WARN_UNREACHABLE_CODE = YES;
				CLANG_WARN__DUPLICATE_METHOD_MATCH = YES;
				COPY_PHASE_STRIP = NO;
				DEBUG_INFORMATION_FORMAT = dwarf;
				ENABLE_STRICT_OBJC_MSGSEND = YES;
				ENABLE_TESTABILITY = YES;
				GCC_C_LANGUAGE_STANDARD = gnu11;
				GCC_DYNAMIC_NO_PIC = NO;
				GCC_NO_COMMON_BLOCKS = YES;
				GCC_OPTIMIZATION_LEVEL = 0;
				GCC_PREPROCESSOR_DEFINITIONS = (
					"DEBUG=1",
					"$(inherited)",
				);
				GCC_WARN_64_TO_32_BIT_CONVERSION = YES;
				GCC_WARN_ABOUT_RETURN_TYPE = YES_ERROR;
				GCC_WARN_UNDECLARED_SELECTOR = YES;
				GCC_WARN_UNINITIALIZED_AUTOS = YES_AGGRESSIVE;
				GCC_WARN_UNUSED_FUNCTION = YES;
				GCC_WARN_UNUSED_VARIABLE = YES;
				IPHONEOS_DEPLOYMENT_TARGET = 15.4;
				MTL_ENABLE_DEBUG_INFO = INCLUDE_SOURCE;
				MTL_FAST_MATH = YES;
				ONLY_ACTIVE_ARCH = YES;
				SDKROOT = iphoneos;
				SWIFT_ACTIVE_COMPILATION_CONDITIONS = DEBUG;
				SWIFT_OPTIMIZATION_LEVEL = "-Onone";
			};
			name = Debug;
		};
		6D079F9828D3954800D56078 /* Release */ = {
			isa = XCBuildConfiguration;
			buildSettings = {
				ALWAYS_SEARCH_USER_PATHS = NO;
				CLANG_ANALYZER_NONNULL = YES;
				CLANG_ANALYZER_NUMBER_OBJECT_CONVERSION = YES_AGGRESSIVE;
				CLANG_CXX_LANGUAGE_STANDARD = "gnu++17";
				CLANG_ENABLE_MODULES = YES;
				CLANG_ENABLE_OBJC_ARC = YES;
				CLANG_ENABLE_OBJC_WEAK = YES;
				CLANG_WARN_BLOCK_CAPTURE_AUTORELEASING = YES;
				CLANG_WARN_BOOL_CONVERSION = YES;
				CLANG_WARN_COMMA = YES;
				CLANG_WARN_CONSTANT_CONVERSION = YES;
				CLANG_WARN_DEPRECATED_OBJC_IMPLEMENTATIONS = YES;
				CLANG_WARN_DIRECT_OBJC_ISA_USAGE = YES_ERROR;
				CLANG_WARN_DOCUMENTATION_COMMENTS = YES;
				CLANG_WARN_EMPTY_BODY = YES;
				CLANG_WARN_ENUM_CONVERSION = YES;
				CLANG_WARN_INFINITE_RECURSION = YES;
				CLANG_WARN_INT_CONVERSION = YES;
				CLANG_WARN_NON_LITERAL_NULL_CONVERSION = YES;
				CLANG_WARN_OBJC_IMPLICIT_RETAIN_SELF = YES;
				CLANG_WARN_OBJC_LITERAL_CONVERSION = YES;
				CLANG_WARN_OBJC_ROOT_CLASS = YES_ERROR;
				CLANG_WARN_QUOTED_INCLUDE_IN_FRAMEWORK_HEADER = YES;
				CLANG_WARN_RANGE_LOOP_ANALYSIS = YES;
				CLANG_WARN_STRICT_PROTOTYPES = YES;
				CLANG_WARN_SUSPICIOUS_MOVE = YES;
				CLANG_WARN_UNGUARDED_AVAILABILITY = YES_AGGRESSIVE;
				CLANG_WARN_UNREACHABLE_CODE = YES;
				CLANG_WARN__DUPLICATE_METHOD_MATCH = YES;
				COPY_PHASE_STRIP = NO;
				DEBUG_INFORMATION_FORMAT = "dwarf-with-dsym";
				ENABLE_NS_ASSERTIONS = NO;
				ENABLE_STRICT_OBJC_MSGSEND = YES;
				GCC_C_LANGUAGE_STANDARD = gnu11;
				GCC_NO_COMMON_BLOCKS = YES;
				GCC_WARN_64_TO_32_BIT_CONVERSION = YES;
				GCC_WARN_ABOUT_RETURN_TYPE = YES_ERROR;
				GCC_WARN_UNDECLARED_SELECTOR = YES;
				GCC_WARN_UNINITIALIZED_AUTOS = YES_AGGRESSIVE;
				GCC_WARN_UNUSED_FUNCTION = YES;
				GCC_WARN_UNUSED_VARIABLE = YES;
				IPHONEOS_DEPLOYMENT_TARGET = 15.4;
				MTL_ENABLE_DEBUG_INFO = NO;
				MTL_FAST_MATH = YES;
				SDKROOT = iphoneos;
				SWIFT_COMPILATION_MODE = wholemodule;
				SWIFT_OPTIMIZATION_LEVEL = "-O";
				VALIDATE_PRODUCT = YES;
			};
			name = Release;
		};
		6D079F9A28D3954800D56078 /* Debug */ = {
			isa = XCBuildConfiguration;
			buildSettings = {
				ASSETCATALOG_COMPILER_APPICON_NAME = AppIcon;
				ASSETCATALOG_COMPILER_GLOBAL_ACCENT_COLOR_NAME = AccentColor;
				CODE_SIGN_STYLE = Automatic;
				CURRENT_PROJECT_VERSION = 1;
				DEVELOPMENT_TEAM = 6KPXJJT2Z8;
				GENERATE_INFOPLIST_FILE = YES;
				INFOPLIST_FILE = Exitek/Info.plist;
				INFOPLIST_KEY_UIApplicationSupportsIndirectInputEvents = YES;
				INFOPLIST_KEY_UILaunchStoryboardName = LaunchScreen;
				INFOPLIST_KEY_UIMainStoryboardFile = Main;
				INFOPLIST_KEY_UISupportedInterfaceOrientations_iPad = "UIInterfaceOrientationPortrait UIInterfaceOrientationPortraitUpsideDown UIInterfaceOrientationLandscapeLeft UIInterfaceOrientationLandscapeRight";
				INFOPLIST_KEY_UISupportedInterfaceOrientations_iPhone = "UIInterfaceOrientationPortrait UIInterfaceOrientationLandscapeLeft UIInterfaceOrientationLandscapeRight";
				LD_RUNPATH_SEARCH_PATHS = (
					"$(inherited)",
					"@executable_path/Frameworks",
				);
				MARKETING_VERSION = 1.0;
				PRODUCT_BUNDLE_IDENTIFIER = "com.one.lab-1.Exitek";
				PRODUCT_NAME = "$(TARGET_NAME)";
				SWIFT_EMIT_LOC_STRINGS = YES;
				SWIFT_VERSION = 5.0;
				TARGETED_DEVICE_FAMILY = "1,2";
			};
			name = Debug;
		};
		6D079F9B28D3954800D56078 /* Release */ = {
			isa = XCBuildConfiguration;
			buildSettings = {
				ASSETCATALOG_COMPILER_APPICON_NAME = AppIcon;
				ASSETCATALOG_COMPILER_GLOBAL_ACCENT_COLOR_NAME = AccentColor;
				CODE_SIGN_STYLE = Automatic;
				CURRENT_PROJECT_VERSION = 1;
				DEVELOPMENT_TEAM = 6KPXJJT2Z8;
				GENERATE_INFOPLIST_FILE = YES;
				INFOPLIST_FILE = Exitek/Info.plist;
				INFOPLIST_KEY_UIApplicationSupportsIndirectInputEvents = YES;
				INFOPLIST_KEY_UILaunchStoryboardName = LaunchScreen;
				INFOPLIST_KEY_UIMainStoryboardFile = Main;
				INFOPLIST_KEY_UISupportedInterfaceOrientations_iPad = "UIInterfaceOrientationPortrait UIInterfaceOrientationPortraitUpsideDown UIInterfaceOrientationLandscapeLeft UIInterfaceOrientationLandscapeRight";
				INFOPLIST_KEY_UISupportedInterfaceOrientations_iPhone = "UIInterfaceOrientationPortrait UIInterfaceOrientationLandscapeLeft UIInterfaceOrientationLandscapeRight";
				LD_RUNPATH_SEARCH_PATHS = (
					"$(inherited)",
					"@executable_path/Frameworks",
				);
				MARKETING_VERSION = 1.0;
				PRODUCT_BUNDLE_IDENTIFIER = "com.one.lab-1.Exitek";
				PRODUCT_NAME = "$(TARGET_NAME)";
				SWIFT_EMIT_LOC_STRINGS = YES;
				SWIFT_VERSION = 5.0;
				TARGETED_DEVICE_FAMILY = "1,2";
			};
			name = Release;
		};
		6D079F9D28D3954800D56078 /* Debug */ = {
			isa = XCBuildConfiguration;
			buildSettings = {
				ALWAYS_EMBED_SWIFT_STANDARD_LIBRARIES = YES;
				BUNDLE_LOADER = "$(TEST_HOST)";
				CODE_SIGN_STYLE = Automatic;
				CURRENT_PROJECT_VERSION = 1;
				DEVELOPMENT_TEAM = 6KPXJJT2Z8;
				GENERATE_INFOPLIST_FILE = YES;
				IPHONEOS_DEPLOYMENT_TARGET = 15.4;
				MARKETING_VERSION = 1.0;
				PRODUCT_BUNDLE_IDENTIFIER = "com.one.lab-1.ExitekTests";
				PRODUCT_NAME = "$(TARGET_NAME)";
				SWIFT_EMIT_LOC_STRINGS = NO;
				SWIFT_VERSION = 5.0;
				TARGETED_DEVICE_FAMILY = "1,2";
				TEST_HOST = "$(BUILT_PRODUCTS_DIR)/Exitek.app/Exitek";
			};
			name = Debug;
		};
		6D079F9E28D3954800D56078 /* Release */ = {
			isa = XCBuildConfiguration;
			buildSettings = {
				ALWAYS_EMBED_SWIFT_STANDARD_LIBRARIES = YES;
				BUNDLE_LOADER = "$(TEST_HOST)";
				CODE_SIGN_STYLE = Automatic;
				CURRENT_PROJECT_VERSION = 1;
				DEVELOPMENT_TEAM = 6KPXJJT2Z8;
				GENERATE_INFOPLIST_FILE = YES;
				IPHONEOS_DEPLOYMENT_TARGET = 15.4;
				MARKETING_VERSION = 1.0;
				PRODUCT_BUNDLE_IDENTIFIER = "com.one.lab-1.ExitekTests";
				PRODUCT_NAME = "$(TARGET_NAME)";
				SWIFT_EMIT_LOC_STRINGS = NO;
				SWIFT_VERSION = 5.0;
				TARGETED_DEVICE_FAMILY = "1,2";
				TEST_HOST = "$(BUILT_PRODUCTS_DIR)/Exitek.app/Exitek";
			};
			name = Release;
		};
		6D079FA028D3954800D56078 /* Debug */ = {
			isa = XCBuildConfiguration;
			buildSettings = {
				ALWAYS_EMBED_SWIFT_STANDARD_LIBRARIES = YES;
				CODE_SIGN_STYLE = Automatic;
				CURRENT_PROJECT_VERSION = 1;
				DEVELOPMENT_TEAM = 6KPXJJT2Z8;
				GENERATE_INFOPLIST_FILE = YES;
				MARKETING_VERSION = 1.0;
				PRODUCT_BUNDLE_IDENTIFIER = "com.one.lab-1.ExitekUITests";
				PRODUCT_NAME = "$(TARGET_NAME)";
				SWIFT_EMIT_LOC_STRINGS = NO;
				SWIFT_VERSION = 5.0;
				TARGETED_DEVICE_FAMILY = "1,2";
				TEST_TARGET_NAME = Exitek;
			};
			name = Debug;
		};
		6D079FA128D3954800D56078 /* Release */ = {
			isa = XCBuildConfiguration;
			buildSettings = {
				ALWAYS_EMBED_SWIFT_STANDARD_LIBRARIES = YES;
				CODE_SIGN_STYLE = Automatic;
				CURRENT_PROJECT_VERSION = 1;
				DEVELOPMENT_TEAM = 6KPXJJT2Z8;
				GENERATE_INFOPLIST_FILE = YES;
				MARKETING_VERSION = 1.0;
				PRODUCT_BUNDLE_IDENTIFIER = "com.one.lab-1.ExitekUITests";
				PRODUCT_NAME = "$(TARGET_NAME)";
				SWIFT_EMIT_LOC_STRINGS = NO;
				SWIFT_VERSION = 5.0;
				TARGETED_DEVICE_FAMILY = "1,2";
				TEST_TARGET_NAME = Exitek;
			};
			name = Release;
		};
/* End XCBuildConfiguration section */

/* Begin XCConfigurationList section */
		6D079F6728D3954200D56078 /* Build configuration list for PBXProject "Exitek" */ = {
			isa = XCConfigurationList;
			buildConfigurations = (
				6D079F9728D3954800D56078 /* Debug */,
				6D079F9828D3954800D56078 /* Release */,
			);
			defaultConfigurationIsVisible = 0;
			defaultConfigurationName = Release;
		};
		6D079F9928D3954800D56078 /* Build configuration list for PBXNativeTarget "Exitek" */ = {
			isa = XCConfigurationList;
			buildConfigurations = (
				6D079F9A28D3954800D56078 /* Debug */,
				6D079F9B28D3954800D56078 /* Release */,
			);
			defaultConfigurationIsVisible = 0;
			defaultConfigurationName = Release;
		};
		6D079F9C28D3954800D56078 /* Build configuration list for PBXNativeTarget "ExitekTests" */ = {
			isa = XCConfigurationList;
			buildConfigurations = (
				6D079F9D28D3954800D56078 /* Debug */,
				6D079F9E28D3954800D56078 /* Release */,
			);
			defaultConfigurationIsVisible = 0;
			defaultConfigurationName = Release;
		};
		6D079F9F28D3954800D56078 /* Build configuration list for PBXNativeTarget "ExitekUITests" */ = {
			isa = XCConfigurationList;
			buildConfigurations = (
				6D079FA028D3954800D56078 /* Debug */,
				6D079FA128D3954800D56078 /* Release */,
			);
			defaultConfigurationIsVisible = 0;
			defaultConfigurationName = Release;
		};
/* End XCConfigurationList section */

/* Begin XCVersionGroup section */
		6D079F7828D3954300D56078 /* Exitek.xcdatamodeld */ = {
			isa = XCVersionGroup;
			children = (
				6D079F7928D3954300D56078 /* Exitek.xcdatamodel */,
			);
			currentVersion = 6D079F7928D3954300D56078 /* Exitek.xcdatamodel */;
			path = Exitek.xcdatamodeld;
			sourceTree = "<group>";
			versionGroupType = wrapper.xcdatamodel;
		};
/* End XCVersionGroup section */
	};
	rootObject = 6D079F6428D3954200D56078 /* Project object */;
}
